
Microsoft Visual Studio Solution File, Format Version 12.00
# Visual Studio Version 17
VisualStudioVersion = 17.12.35527.113
MinimumVisualStudioVersion = 10.0.40219.1
Project("{FAE04EC0-301F-11D3-BF4B-00C04F79EFBC}") = "EFcore", "EFcore\EFcore.csproj", "{1D94BFD5-2B60-4D78-8208-63924420358E}"
EndProject
Project("{FAE04EC0-301F-11D3-BF4B-00C04F79EFBC}") = "DbTestProject", "DbTestProject\DbTestProject.csproj", "{DF8A9EDD-38C2-464C-B2FD-B8225A544C4D}"
EndProject
Global
	GlobalSection(SolutionConfigurationPlatforms) = preSolution
		Debug|Any CPU = Debug|Any CPU
		Release|Any CPU = Release|Any CPU
	EndGlobalSection
	GlobalSection(ProjectConfigurationPlatforms) = postSolution
		{1D94BFD5-2B60-4D78-8208-63924420358E}.Debug|Any CPU.ActiveCfg = Debug|Any CPU
		{1D94BFD5-2B60-4D78-8208-63924420358E}.Debug|Any CPU.Build.0 = Debug|Any CPU
		{1D94BFD5-2B60-4D78-8208-63924420358E}.Release|Any CPU.ActiveCfg = Release|Any CPU
		{1D94BFD5-2B60-4D78-8208-63924420358E}.Release|Any CPU.Build.0 = Release|Any CPU
		{DF8A9EDD-38C2-464C-B2FD-B8225A544C4D}.Debug|Any CPU.ActiveCfg = Debug|Any CPU
		{DF8A9EDD-38C2-464C-B2FD-B8225A544C4D}.Debug|Any CPU.Build.0 = Debug|Any CPU
		{DF8A9EDD-38C2-464C-B2FD-B8225A544C4D}.Release|Any CPU.ActiveCfg = Release|Any CPU
		{DF8A9EDD-38C2-464C-B2FD-B8225A544C4D}.Release|Any CPU.Build.0 = Release|Any CPU
	EndGlobalSection
	GlobalSection(SolutionProperties) = preSolution
		HideSolutionNode = FALSE
	EndGlobalSection
EndGlobal
